
Microsoft Visual Studio Solution File, Format Version 12.00
# Visual Studio Version 17
VisualStudioVersion = 17.1.32210.238
MinimumVisualStudioVersion = 10.0.40219.1
Project("{FAE04EC0-301F-11D3-BF4B-00C04F79EFBC}") = "UnityExplorer_Init", "UnityExplorer_Init\UnityExplorer_Init.csproj", "{8F7B53CC-C624-490F-AFE7-E0166860E13A}"
EndProject
Project("{2150E333-8FDC-42A3-9474-1A3956D46DE8}") = "Solution Items", "Solution Items", "{31709842-BE6B-4E75-A376-919ABD3C9109}"
	ProjectSection(SolutionItems) = preProject
		.editorconfig = .editorconfig
	EndProjectSection
EndProject
Project("{FAE04EC0-301F-11D3-BF4B-00C04F79EFBC}") = "Everymodusemyhp", "Everymodusemyhp\Everymodusemyhp.csproj", "{F4B01097-C88A-4CBC-B651-5B8113483AFC}"
EndProject
Global
	GlobalSection(SolutionConfigurationPlatforms) = preSolution
		Debug|Any CPU = Debug|Any CPU
		Release|Any CPU = Release|Any CPU
	EndGlobalSection
	GlobalSection(ProjectConfigurationPlatforms) = postSolution
		{8F7B53CC-C624-490F-AFE7-E0166860E13A}.Debug|Any CPU.ActiveCfg = Debug|Any CPU
		{8F7B53CC-C624-490F-AFE7-E0166860E13A}.Debug|Any CPU.Build.0 = Debug|Any CPU
		{8F7B53CC-C624-490F-AFE7-E0166860E13A}.Release|Any CPU.ActiveCfg = Release|Any CPU
		{8F7B53CC-C624-490F-AFE7-E0166860E13A}.Release|Any CPU.Build.0 = Release|Any CPU
		{F4B01097-C88A-4CBC-B651-5B8113483AFC}.Debug|Any CPU.ActiveCfg = Debug|Any CPU
		{F4B01097-C88A-4CBC-B651-5B8113483AFC}.Debug|Any CPU.Build.0 = Debug|Any CPU
		{F4B01097-C88A-4CBC-B651-5B8113483AFC}.Release|Any CPU.ActiveCfg = Release|Any CPU
		{F4B01097-C88A-4CBC-B651-5B8113483AFC}.Release|Any CPU.Build.0 = Release|Any CPU
	EndGlobalSection
	GlobalSection(SolutionProperties) = preSolution
		HideSolutionNode = FALSE
	EndGlobalSection
	GlobalSection(NestedProjects) = preSolution
		{F4B01097-C88A-4CBC-B651-5B8113483AFC} = {31709842-BE6B-4E75-A376-919ABD3C9109}
	EndGlobalSection
	GlobalSection(ExtensibilityGlobals) = postSolution
		SolutionGuid = {E0981D80-21E5-492D-A4AE-CE2A745C320D}
	EndGlobalSection
EndGlobal
